<?xml version="1.0" encoding="utf-8"?>
<Project ToolsVersion="4.0" xmlns="http://schemas.microsoft.com/developer/msbuild/2003">
  <ItemGroup>
    <Filter Include="Header Files">
      <UniqueIdentifier>{93995380-89BD-4b04-88EB-625FBE52EBFB}</UniqueIdentifier>
      <Extensions>h;hpp;hxx;hm;inl;inc;xsd</Extensions>
    </Filter>
    <Filter Include="Resource Files">
      <UniqueIdentifier>{67DA6AB6-F800-4c08-8B7A-83BB121AAD01}</UniqueIdentifier>
      <Extensions>rc;ico;cur;bmp;dlg;rc2;rct;bin;rgs;gif;jpg;jpeg;jpe;resx</Extensions>
    </Filter>
    <Filter Include="Source Files">
      <UniqueIdentifier>{4FC737F1-C7A5-4376-A066-2A32D752A2FF}</UniqueIdentifier>
      <Extensions>cpp;c;cc;cxx;def;odl;idl;hpj;bat;asm;asmx</Extensions>
    </Filter>
    <Filter Include="Header Files\lib">
      <UniqueIdentifier>{132dd26c-6c8e-43b4-83f1-b7372e44576c}</UniqueIdentifier>
    </Filter>
    <Filter Include="Source Files\lib">
      <UniqueIdentifier>{11f0b633-9337-4155-98ce-5562bced38d3}</UniqueIdentifier>
    </Filter>
  </ItemGroup>
  <ItemGroup>
    <ClInclude Include="config.h">
      <Filter>Header Files</Filter>
    </ClInclude>
    <ClInclude Include="symbol.h">
      <Filter>Header Files</Filter>
    </ClInclude>
    <ClInclude Include="codearea.h">
      <Filter>Header Files</Filter>
    </ClInclude>
    <ClInclude Include="errors.h">
      <Filter>Header Files</Filter>
    </ClInclude>
    <ClInclude Include="errors_def.h">
      <Filter>Header Files</Filter>
    </ClInclude>
    <ClInclude Include="hist.h">
      <Filter>Header Files</Filter>
    </ClInclude>
    <ClInclude Include="objfile.h">
      <Filter>Header Files</Filter>
    </ClInclude>
    <ClInclude Include="options.h">
      <Filter>Header Files</Filter>
    </ClInclude>
    <ClInclude Include="z80asm.h">
      <Filter>Header Files</Filter>
    </ClInclude>
    <ClInclude Include="module.h">
      <Filter>Header Files</Filter>
    </ClInclude>
    <ClInclude Include="listfile.h">
      <Filter>Header Files</Filter>
    </ClInclude>
    <ClInclude Include="model.h">
      <Filter>Header Files</Filter>
    </ClInclude>
    <ClInclude Include="scan.h">
      <Filter>Header Files</Filter>
    </ClInclude>
    <ClInclude Include="parse.h">
      <Filter>Header Files</Filter>
    </ClInclude>
    <ClInclude Include="sym.h">
      <Filter>Header Files</Filter>
    </ClInclude>
    <ClInclude Include="symref.h">
      <Filter>Header Files</Filter>
    </ClInclude>
    <ClInclude Include="symtab.h">
      <Filter>Header Files</Filter>
    </ClInclude>
    <ClInclude Include="mapfile.h">
      <Filter>Header Files</Filter>
    </ClInclude>
    <ClInclude Include="deffile.h">
      <Filter>Header Files</Filter>
    </ClInclude>
    <ClInclude Include="legacy.h">
      <Filter>Header Files</Filter>
    </ClInclude>
    <ClInclude Include="token_def.h">
      <Filter>Header Files</Filter>
    </ClInclude>
    <ClInclude Include="options_def.h">
      <Filter>Header Files</Filter>
    </ClInclude>
    <ClInclude Include="lib\die.h">
      <Filter>Header Files\lib</Filter>
    </ClInclude>
    <ClInclude Include="lib\queue.h">
      <Filter>Header Files\lib</Filter>
    </ClInclude>
    <ClInclude Include="lib\xmalloc.h">
      <Filter>Header Files\lib</Filter>
    </ClInclude>
    <ClInclude Include="lib\uthash.h">
      <Filter>Header Files\lib</Filter>
    </ClInclude>
    <ClInclude Include="lib\types.h">
      <Filter>Header Files\lib</Filter>
    </ClInclude>
    <ClInclude Include="lib\except.h">
      <Filter>Header Files\lib</Filter>
    </ClInclude>
    <ClInclude Include="lib\init.h">
      <Filter>Header Files\lib</Filter>
    </ClInclude>
    <ClInclude Include="lib\strpool.h">
      <Filter>Header Files\lib</Filter>
    </ClInclude>
    <ClInclude Include="lib\class.h">
      <Filter>Header Files\lib</Filter>
    </ClInclude>
    <ClInclude Include="lib\strutil.h">
      <Filter>Header Files\lib</Filter>
    </ClInclude>
    <ClInclude Include="lib\strhash.h">
      <Filter>Header Files\lib</Filter>
    </ClInclude>
    <ClInclude Include="lib\classhash.h">
      <Filter>Header Files\lib</Filter>
    </ClInclude>
    <ClInclude Include="lib\classlist.h">
      <Filter>Header Files\lib</Filter>
    </ClInclude>
    <ClInclude Include="lib\fileutil.h">
      <Filter>Header Files\lib</Filter>
    </ClInclude>
    <ClInclude Include="lib\list.h">
      <Filter>Header Files\lib</Filter>
    </ClInclude>
  </ItemGroup>
  <ItemGroup>
    <ClCompile Include="asmdrctv.c">
      <Filter>Source Files</Filter>
    </ClCompile>
    <ClCompile Include="exprprsr.c">
      <Filter>Source Files</Filter>
    </ClCompile>
    <ClCompile Include="hist.c">
      <Filter>Source Files</Filter>
    </ClCompile>
    <ClCompile Include="ldinstr.c">
      <Filter>Source Files</Filter>
    </ClCompile>
    <ClCompile Include="modlink.c">
      <Filter>Source Files</Filter>
    </ClCompile>
    <ClCompile Include="prsident.c">
      <Filter>Source Files</Filter>
    </ClCompile>
    <ClCompile Include="prsline.c">
      <Filter>Source Files</Filter>
    </ClCompile>
    <ClCompile Include="z80asm.c">
      <Filter>Source Files</Filter>
    </ClCompile>
    <ClCompile Include="z80instr.c">
      <Filter>Source Files</Filter>
    </ClCompile>
    <ClCompile Include="z80pass.c">
      <Filter>Source Files</Filter>
    </ClCompile>
    <ClCompile Include="codearea.c">
      <Filter>Source Files</Filter>
    </ClCompile>
    <ClCompile Include="errors.c">
      <Filter>Source Files</Filter>
    </ClCompile>
    <ClCompile Include="objfile.c">
      <Filter>Source Files</Filter>
    </ClCompile>
    <ClCompile Include="options.c">
      <Filter>Source Files</Filter>
    </ClCompile>
    <ClCompile Include="listfile.c">
      <Filter>Source Files</Filter>
    </ClCompile>
    <ClCompile Include="model_symref.c">
      <Filter>Source Files</Filter>
    </ClCompile>
    <ClCompile Include="scan.c">
      <Filter>Source Files</Filter>
    </ClCompile>
    <ClCompile Include="model.c">
      <Filter>Source Files</Filter>
    </ClCompile>
    <ClCompile Include="symref.c">
      <Filter>Source Files</Filter>
    </ClCompile>
    <ClCompile Include="sym.c">
      <Filter>Source Files</Filter>
    </ClCompile>
    <ClCompile Include="symtab.c">
      <Filter>Source Files</Filter>
    </ClCompile>
    <ClCompile Include="module.c">
      <Filter>Source Files</Filter>
    </ClCompile>
    <ClCompile Include="mapfile.c">
      <Filter>Source Files</Filter>
    </ClCompile>
    <ClCompile Include="deffile.c">
      <Filter>Source Files</Filter>
    </ClCompile>
    <ClCompile Include="lib\die.c">
      <Filter>Source Files\lib</Filter>
    </ClCompile>
    <ClCompile Include="lib\xmalloc.c">
      <Filter>Source Files\lib</Filter>
    </ClCompile>
    <ClCompile Include="lib\except.c">
      <Filter>Source Files\lib</Filter>
    </ClCompile>
    <ClCompile Include="lib\strpool.c">
      <Filter>Source Files\lib</Filter>
    </ClCompile>
    <ClCompile Include="lib\class.c">
      <Filter>Source Files\lib</Filter>
    </ClCompile>
    <ClCompile Include="lib\strutil.c">
      <Filter>Source Files\lib</Filter>
    </ClCompile>
    <ClCompile Include="lib\strhash.c">
      <Filter>Source Files\lib</Filter>
    </ClCompile>
    <ClCompile Include="lib\fileutil.c">
      <Filter>Source Files\lib</Filter>
    </ClCompile>
    <ClCompile Include="lib\list.c">
      <Filter>Source Files\lib</Filter>
    </ClCompile>
  </ItemGroup>
  <ItemGroup>
    <None Include="scan.rl">
      <Filter>Resource Files</Filter>
    </None>
    <None Include="parse.y">
      <Filter>Resource Files</Filter>
    </None>
  </ItemGroup>
</Project>