<?xml version="1.0" encoding="utf-8"?>
<Project ToolsVersion="4.0" xmlns="http://schemas.microsoft.com/developer/msbuild/2003">
  <ItemGroup>
    <Filter Include="Source Files">
      <UniqueIdentifier>{4FC737F1-C7A5-4376-A066-2A32D752A2FF}</UniqueIdentifier>
      <Extensions>cpp;c;cc;cxx;def;odl;idl;hpj;bat;asm;asmx</Extensions>
    </Filter>
    <Filter Include="Header Files">
      <UniqueIdentifier>{93995380-89BD-4b04-88EB-625FBE52EBFB}</UniqueIdentifier>
      <Extensions>h;hh;hpp;hxx;hm;inl;inc;ipp;xsd</Extensions>
    </Filter>
    <Filter Include="Resource Files">
      <UniqueIdentifier>{67DA6AB6-F800-4c08-8B7A-83BB121AAD01}</UniqueIdentifier>
      <Extensions>rc;ico;cur;bmp;dlg;rc2;rct;bin;rgs;gif;jpg;jpeg;jpe;resx;tiff;tif;png;wav;mfcribbon-ms</Extensions>
    </Filter>
    <Filter Include="Header Files\regex">
      <UniqueIdentifier>{4cc7238f-2da3-4a31-b367-7acac0b0a9c3}</UniqueIdentifier>
    </Filter>
    <Filter Include="Source Files\regex">
      <UniqueIdentifier>{ac85d6b9-2161-419b-aba0-082f47044237}</UniqueIdentifier>
    </Filter>
    <Filter Include="Header Files\Unity">
      <UniqueIdentifier>{16573ad6-03df-4260-8f51-bd9af1c8fba6}</UniqueIdentifier>
    </Filter>
    <Filter Include="Source Files\Unity">
      <UniqueIdentifier>{3f1b05cf-01df-47a7-81d6-c05cc340433d}</UniqueIdentifier>
    </Filter>
  </ItemGroup>
  <ItemGroup>
    <ClCompile Include="..\..\src\common\die.c">
      <Filter>Source Files</Filter>
    </ClCompile>
    <ClCompile Include="..\..\src\common\objfile.c">
      <Filter>Source Files</Filter>
    </ClCompile>
    <ClCompile Include="..\..\src\common\optparse.c">
      <Filter>Source Files</Filter>
    </ClCompile>
    <ClCompile Include="..\..\src\common\strutil.c">
      <Filter>Source Files</Filter>
    </ClCompile>
    <ClCompile Include="..\..\src\common\t\t_strutil.c">
      <Filter>Source Files</Filter>
    </ClCompile>
    <ClCompile Include="..\..\src\common\t\test.c">
      <Filter>Source Files</Filter>
    </ClCompile>
    <ClCompile Include="..\..\ext\regex\regcomp.c">
      <Filter>Source Files\regex</Filter>
    </ClCompile>
    <ClCompile Include="..\..\ext\regex\regerror.c">
      <Filter>Source Files\regex</Filter>
    </ClCompile>
    <ClCompile Include="..\..\ext\regex\regexec.c">
      <Filter>Source Files\regex</Filter>
    </ClCompile>
    <ClCompile Include="..\..\ext\regex\regfree.c">
      <Filter>Source Files\regex</Filter>
    </ClCompile>
    <ClCompile Include="..\..\ext\Unity\src\unity.c">
      <Filter>Source Files\Unity</Filter>
    </ClCompile>
  </ItemGroup>
  <ItemGroup>
    <ClInclude Include="..\..\src\common\die.h">
      <Filter>Header Files</Filter>
    </ClInclude>
    <ClInclude Include="..\..\src\common\objfile.h">
      <Filter>Header Files</Filter>
    </ClInclude>
    <ClInclude Include="..\..\src\common\strutil.h">
      <Filter>Header Files</Filter>
    </ClInclude>
    <ClInclude Include="..\..\ext\regex\cclass.h">
      <Filter>Header Files\regex</Filter>
    </ClInclude>
    <ClInclude Include="..\..\ext\regex\cname.h">
      <Filter>Header Files\regex</Filter>
    </ClInclude>
    <ClInclude Include="..\..\ext\regex\regex.h">
      <Filter>Header Files\regex</Filter>
    </ClInclude>
    <ClInclude Include="..\..\ext\regex\regex2.h">
      <Filter>Header Files\regex</Filter>
    </ClInclude>
    <ClInclude Include="..\..\ext\regex\utils.h">
      <Filter>Header Files\regex</Filter>
    </ClInclude>
    <ClInclude Include="..\..\ext\Unity\src\unity.h">
      <Filter>Header Files\Unity</Filter>
    </ClInclude>
    <ClInclude Include="..\..\ext\Unity\src\unity_internals.h">
      <Filter>Header Files\Unity</Filter>
    </ClInclude>
  </ItemGroup>
</Project>