<?xml version="1.0" encoding="utf-8"?>
<Project ToolsVersion="4.0" xmlns="http://schemas.microsoft.com/developer/msbuild/2003">
  <ItemGroup>
    <Filter Include="Source Files">
      <UniqueIdentifier>{4FC737F1-C7A5-4376-A066-2A32D752A2FF}</UniqueIdentifier>
      <Extensions>cpp;c;cc;cxx;def;odl;idl;hpj;bat;asm;asmx</Extensions>
    </Filter>
    <Filter Include="Header Files">
      <UniqueIdentifier>{93995380-89BD-4b04-88EB-625FBE52EBFB}</UniqueIdentifier>
      <Extensions>h;hh;hpp;hxx;hm;inl;inc;xsd</Extensions>
    </Filter>
    <Filter Include="Resource Files">
      <UniqueIdentifier>{67DA6AB6-F800-4c08-8B7A-83BB121AAD01}</UniqueIdentifier>
      <Extensions>rc;ico;cur;bmp;dlg;rc2;rct;bin;rgs;gif;jpg;jpeg;jpe;resx;tiff;tif;png;wav;mfcribbon-ms</Extensions>
    </Filter>
    <Filter Include="Header Files\c">
      <UniqueIdentifier>{590f7c70-88ed-44ee-881e-2461059db0e8}</UniqueIdentifier>
    </Filter>
    <Filter Include="Source Files\c">
      <UniqueIdentifier>{67794170-ad0c-400b-864c-8d5f00dc6575}</UniqueIdentifier>
    </Filter>
    <Filter Include="Source Files\cpp">
      <UniqueIdentifier>{dd4ac2a3-c89b-4d16-a6ad-fc7d0bcebebb}</UniqueIdentifier>
    </Filter>
    <Filter Include="Header Files\cpp">
      <UniqueIdentifier>{72a93d8e-93a7-4fa1-ac38-5d4791cecf0d}</UniqueIdentifier>
    </Filter>
    <Filter Include="Resource Files\c">
      <UniqueIdentifier>{c2ece489-ab61-4165-95f9-81889c619df5}</UniqueIdentifier>
    </Filter>
    <Filter Include="Resource Files\cpp">
      <UniqueIdentifier>{e0f09aaa-6a40-43ee-b07d-fc8fc6be6c95}</UniqueIdentifier>
    </Filter>
  </ItemGroup>
  <ItemGroup>
    <ClInclude Include="..\..\src\z80asm\src\c\alloc.h">
      <Filter>Header Files\c</Filter>
    </ClInclude>
    <ClInclude Include="..\..\src\z80asm\src\c\array.h">
      <Filter>Header Files\c</Filter>
    </ClInclude>
    <ClInclude Include="..\..\src\z80asm\src\c\class.h">
      <Filter>Header Files\c</Filter>
    </ClInclude>
    <ClInclude Include="..\..\src\z80asm\src\c\classhash.h">
      <Filter>Header Files\c</Filter>
    </ClInclude>
    <ClInclude Include="..\..\src\z80asm\src\c\classlist.h">
      <Filter>Header Files\c</Filter>
    </ClInclude>
    <ClInclude Include="..\..\src\z80asm\src\c\codearea.h">
      <Filter>Header Files\c</Filter>
    </ClInclude>
    <ClInclude Include="..\..\src\z80asm\src\c\common.h">
      <Filter>Header Files\c</Filter>
    </ClInclude>
    <ClInclude Include="..\..\src\z80asm\src\c\dbg.h">
      <Filter>Header Files\c</Filter>
    </ClInclude>
    <ClInclude Include="..\..\src\z80asm\src\c\directives.h">
      <Filter>Header Files\c</Filter>
    </ClInclude>
    <ClInclude Include="..\..\src\z80asm\src\c\expr.h">
      <Filter>Header Files\c</Filter>
    </ClInclude>
    <ClInclude Include="..\..\src\z80asm\src\c\expr_def.h">
      <Filter>Header Files\c</Filter>
    </ClInclude>
    <ClInclude Include="..\..\src\z80asm\src\c\hist.h">
      <Filter>Header Files\c</Filter>
    </ClInclude>
    <ClInclude Include="..\..\src\z80asm\src\c\init.h">
      <Filter>Header Files\c</Filter>
    </ClInclude>
    <ClInclude Include="..\..\src\z80asm\src\c\libfile.h">
      <Filter>Header Files\c</Filter>
    </ClInclude>
    <ClInclude Include="..\..\src\z80asm\src\c\list.h">
      <Filter>Header Files\c</Filter>
    </ClInclude>
    <ClInclude Include="..\..\src\z80asm\src\c\minunit.h">
      <Filter>Header Files\c</Filter>
    </ClInclude>
    <ClInclude Include="..\..\src\z80asm\src\c\modlink.h">
      <Filter>Header Files\c</Filter>
    </ClInclude>
    <ClInclude Include="..\..\src\z80asm\src\c\module.h">
      <Filter>Header Files\c</Filter>
    </ClInclude>
    <ClInclude Include="..\..\src\z80asm\src\c\opcodes.h">
      <Filter>Header Files\c</Filter>
    </ClInclude>
    <ClInclude Include="..\..\src\z80asm\src\c\options.h">
      <Filter>Header Files\c</Filter>
    </ClInclude>
    <ClInclude Include="..\..\src\z80asm\src\c\options_def.h">
      <Filter>Header Files\c</Filter>
    </ClInclude>
    <ClInclude Include="..\..\src\z80asm\src\c\parse.h">
      <Filter>Header Files\c</Filter>
    </ClInclude>
    <ClInclude Include="..\..\src\z80asm\src\c\parse_rules.h">
      <Filter>Header Files\c</Filter>
    </ClInclude>
    <ClInclude Include="..\..\src\z80asm\src\c\queue.h">
      <Filter>Header Files\c</Filter>
    </ClInclude>
    <ClInclude Include="..\..\src\z80asm\src\c\scan.h">
      <Filter>Header Files\c</Filter>
    </ClInclude>
    <ClInclude Include="..\..\src\z80asm\src\c\scan_def.h">
      <Filter>Header Files\c</Filter>
    </ClInclude>
    <ClInclude Include="..\..\src\z80asm\src\c\scan_rules.h">
      <Filter>Header Files\c</Filter>
    </ClInclude>
    <ClInclude Include="..\..\src\z80asm\src\c\str.h">
      <Filter>Header Files\c</Filter>
    </ClInclude>
    <ClInclude Include="..\..\src\z80asm\src\c\strhash.h">
      <Filter>Header Files\c</Filter>
    </ClInclude>
    <ClInclude Include="..\..\src\z80asm\src\c\sym.h">
      <Filter>Header Files\c</Filter>
    </ClInclude>
    <ClInclude Include="..\..\src\z80asm\src\c\symbol.h">
      <Filter>Header Files\c</Filter>
    </ClInclude>
    <ClInclude Include="..\..\src\z80asm\src\c\symtab.h">
      <Filter>Header Files\c</Filter>
    </ClInclude>
    <ClInclude Include="..\..\src\z80asm\src\c\tokens.h">
      <Filter>Header Files\c</Filter>
    </ClInclude>
    <ClInclude Include="..\..\src\z80asm\src\c\z80asm.h">
      <Filter>Header Files\c</Filter>
    </ClInclude>
    <ClInclude Include="..\..\src\z80asm\src\c\zobjfile.h">
      <Filter>Header Files\c</Filter>
    </ClInclude>
    <ClInclude Include="..\..\src\z80asm\src\if.h">
      <Filter>Header Files</Filter>
    </ClInclude>
    <ClInclude Include="..\..\src\z80asm\src\cpp\preproc.h">
      <Filter>Header Files\cpp</Filter>
    </ClInclude>
    <ClInclude Include="..\..\src\z80asm\src\cpp\lex.h">
      <Filter>Header Files\cpp</Filter>
    </ClInclude>
    <ClInclude Include="..\..\src\z80asm\src\cpp\utils.h">
      <Filter>Header Files\cpp</Filter>
    </ClInclude>
    <ClInclude Include="..\..\src\z80asm\src\cpp\defines.h">
      <Filter>Header Files\cpp</Filter>
    </ClInclude>
    <ClInclude Include="..\..\src\z80asm\src\cpp\float.h">
      <Filter>Header Files\cpp</Filter>
    </ClInclude>
    <ClInclude Include="..\..\src\z80asm\src\cpp\asmerrors.h">
      <Filter>Header Files\cpp</Filter>
    </ClInclude>
    <ClInclude Include="..\..\src\z80asm\src\cpp\lstfile.h">
      <Filter>Header Files\cpp</Filter>
    </ClInclude>
    <ClInclude Include="..\..\src\z80asm\src\c\reloc_code.h">
      <Filter>Header Files\c</Filter>
    </ClInclude>
  </ItemGroup>
  <ItemGroup>
    <ClCompile Include="..\..\src\z80asm\src\c\alloc.c">
      <Filter>Source Files\c</Filter>
    </ClCompile>
    <ClCompile Include="..\..\src\z80asm\src\c\array.c">
      <Filter>Source Files\c</Filter>
    </ClCompile>
    <ClCompile Include="..\..\src\z80asm\src\c\class.c">
      <Filter>Source Files\c</Filter>
    </ClCompile>
    <ClCompile Include="..\..\src\z80asm\src\c\codearea.c">
      <Filter>Source Files\c</Filter>
    </ClCompile>
    <ClCompile Include="..\..\src\z80asm\src\c\common.c">
      <Filter>Source Files\c</Filter>
    </ClCompile>
    <ClCompile Include="..\..\src\z80asm\src\c\dbg.c">
      <Filter>Source Files\c</Filter>
    </ClCompile>
    <ClCompile Include="..\..\src\z80asm\src\c\directives.c">
      <Filter>Source Files\c</Filter>
    </ClCompile>
    <ClCompile Include="..\..\src\z80asm\src\c\expr.c">
      <Filter>Source Files\c</Filter>
    </ClCompile>
    <ClCompile Include="..\..\src\z80asm\src\c\hist.c">
      <Filter>Source Files\c</Filter>
    </ClCompile>
    <ClCompile Include="..\..\src\z80asm\src\c\libfile.c">
      <Filter>Source Files\c</Filter>
    </ClCompile>
    <ClCompile Include="..\..\src\z80asm\src\c\list.c">
      <Filter>Source Files\c</Filter>
    </ClCompile>
    <ClCompile Include="..\..\src\z80asm\src\c\minunit.c">
      <Filter>Source Files\c</Filter>
    </ClCompile>
    <ClCompile Include="..\..\src\z80asm\src\c\modlink.c">
      <Filter>Source Files\c</Filter>
    </ClCompile>
    <ClCompile Include="..\..\src\z80asm\src\c\module.c">
      <Filter>Source Files\c</Filter>
    </ClCompile>
    <ClCompile Include="..\..\src\z80asm\src\c\opcodes.c">
      <Filter>Source Files\c</Filter>
    </ClCompile>
    <ClCompile Include="..\..\src\z80asm\src\c\options.c">
      <Filter>Source Files\c</Filter>
    </ClCompile>
    <ClCompile Include="..\..\src\z80asm\src\c\parse.c">
      <Filter>Source Files\c</Filter>
    </ClCompile>
    <ClCompile Include="..\..\src\z80asm\src\c\scan.c">
      <Filter>Source Files\c</Filter>
    </ClCompile>
    <ClCompile Include="..\..\src\z80asm\src\c\str.c">
      <Filter>Source Files\c</Filter>
    </ClCompile>
    <ClCompile Include="..\..\src\z80asm\src\c\strhash.c">
      <Filter>Source Files\c</Filter>
    </ClCompile>
    <ClCompile Include="..\..\src\z80asm\src\c\sym.c">
      <Filter>Source Files\c</Filter>
    </ClCompile>
    <ClCompile Include="..\..\src\z80asm\src\c\symtab.c">
      <Filter>Source Files\c</Filter>
    </ClCompile>
    <ClCompile Include="..\..\src\z80asm\src\c\z80asm.c">
      <Filter>Source Files\c</Filter>
    </ClCompile>
    <ClCompile Include="..\..\src\z80asm\src\c\z80pass.c">
      <Filter>Source Files\c</Filter>
    </ClCompile>
    <ClCompile Include="..\..\src\z80asm\src\c\zobjfile.c">
      <Filter>Source Files\c</Filter>
    </ClCompile>
    <ClCompile Include="..\..\src\z80asm\src\cpp\main.cpp">
      <Filter>Source Files\cpp</Filter>
    </ClCompile>
    <ClCompile Include="..\..\src\z80asm\src\cpp\preproc.cpp">
      <Filter>Source Files\cpp</Filter>
    </ClCompile>
    <ClCompile Include="..\..\src\z80asm\src\cpp\lex.cpp">
      <Filter>Source Files\cpp</Filter>
    </ClCompile>
    <ClCompile Include="..\..\src\z80asm\src\cpp\utils.cpp">
      <Filter>Source Files\cpp</Filter>
    </ClCompile>
    <ClCompile Include="..\..\src\z80asm\src\cpp\defines.cpp">
      <Filter>Source Files\cpp</Filter>
    </ClCompile>
    <ClCompile Include="..\..\src\z80asm\src\cpp\float.cpp">
      <Filter>Source Files\cpp</Filter>
    </ClCompile>
    <ClCompile Include="..\..\src\z80asm\src\cpp\asmerrors.cpp">
      <Filter>Source Files\cpp</Filter>
    </ClCompile>
    <ClCompile Include="..\..\src\z80asm\src\cpp\lstfile.cpp">
      <Filter>Source Files\cpp</Filter>
    </ClCompile>
    <ClCompile Include="..\..\src\z80asm\src\c\reloc_code.c">
      <Filter>Source Files\c</Filter>
    </ClCompile>
  </ItemGroup>
  <ItemGroup>
    <None Include="..\..\src\z80asm\src\c\scan_rules.rl">
      <Filter>Resource Files\c</Filter>
    </None>
    <None Include="..\..\src\z80asm\src\c\parse_rules.rl">
      <Filter>Resource Files\c</Filter>
    </None>
    <None Include="..\..\src\z80asm\src\cpp\lex.re">
      <Filter>Resource Files\cpp</Filter>
    </None>
    <None Include="..\..\src\z80asm\src\cpp\keyword.def">
      <Filter>Resource Files\cpp</Filter>
    </None>
    <None Include="..\..\src\z80asm\src\cpp\float.def">
      <Filter>Resource Files\cpp</Filter>
    </None>
    <None Include="..\..\src\z80asm\src\cpp\asmerrors.def">
      <Filter>Resource Files\cpp</Filter>
    </None>
  </ItemGroup>
</Project>