
Microsoft Visual Studio Solution File, Format Version 12.00
# Visual Studio 14
VisualStudioVersion = 14.0.25420.1
MinimumVisualStudioVersion = 10.0.40219.1
Project("{8BC9CEB8-8B4A-11D0-8D11-00A0C91BC942}") = "z80asm", "..\src\z80asm\z80asm.vcxproj", "{53E270D6-344C-49AB-94F2-7871479963C1}"
EndProject
Project("{8BC9CEB8-8B4A-11D0-8D11-00A0C91BC942}") = "zcpp", "..\src\cpp\zcpp.vcxproj", "{7F2BBA5D-C456-4B8E-BD59-C14CDA400E0B}"
EndProject
Project("{8BC9CEB8-8B4A-11D0-8D11-00A0C91BC942}") = "zcc", "..\src\zcc\zcc.vcxproj", "{DDF3E1DD-FF5A-4292-BD8E-BF3D0D1EE3B7}"
EndProject
Project("{8BC9CEB8-8B4A-11D0-8D11-00A0C91BC942}") = "test", "test\test.vcxproj", "{F186E8EB-0164-4BF4-9E36-CCF9A6EB97F5}"
EndProject
Project("{8BC9CEB8-8B4A-11D0-8D11-00A0C91BC942}") = "z80nm", "z80nm\z80nm.vcxproj", "{E3CAFDD4-FBE2-4E7E-AB20-816C8B257F6B}"
EndProject
Project("{8BC9CEB8-8B4A-11D0-8D11-00A0C91BC942}") = "appmake", "appmake\appmake.vcxproj", "{321F0E77-E3DC-4C14-8113-28FDFAC73F7B}"
EndProject
Project("{8BC9CEB8-8B4A-11D0-8D11-00A0C91BC942}") = "copt", "copt\copt.vcxproj", "{07E658CC-1989-42C6-B8CB-CB64157F6FE9}"
EndProject
Project("{8BC9CEB8-8B4A-11D0-8D11-00A0C91BC942}") = "zx7", "zx7\zx7.vcxproj", "{086E8F49-256B-4400-A2E2-4B76827A7ABA}"
EndProject
Project("{8BC9CEB8-8B4A-11D0-8D11-00A0C91BC942}") = "dzx7", "dzx7\dzx7.vcxproj", "{F33CCA3A-0186-4A3C-9624-137D3221EDD8}"
EndProject
Project("{8BC9CEB8-8B4A-11D0-8D11-00A0C91BC942}") = "sccz80", "sccz80\sccz80.vcxproj", "{111DC904-A160-49BF-8B81-55DAE0158BD1}"
EndProject
Global
	GlobalSection(SolutionConfigurationPlatforms) = preSolution
		Debug|Win32 = Debug|Win32
		Debug|x64 = Debug|x64
		Release|Win32 = Release|Win32
		Release|x64 = Release|x64
	EndGlobalSection
	GlobalSection(ProjectConfigurationPlatforms) = postSolution
		{53E270D6-344C-49AB-94F2-7871479963C1}.Debug|Win32.ActiveCfg = Debug|Win32
		{53E270D6-344C-49AB-94F2-7871479963C1}.Debug|Win32.Build.0 = Debug|Win32
		{53E270D6-344C-49AB-94F2-7871479963C1}.Debug|x64.ActiveCfg = Debug|Win32
		{53E270D6-344C-49AB-94F2-7871479963C1}.Release|Win32.ActiveCfg = Release|Win32
		{53E270D6-344C-49AB-94F2-7871479963C1}.Release|Win32.Build.0 = Release|Win32
		{53E270D6-344C-49AB-94F2-7871479963C1}.Release|x64.ActiveCfg = Release|Win32
		{7F2BBA5D-C456-4B8E-BD59-C14CDA400E0B}.Debug|Win32.ActiveCfg = Debug|Win32
		{7F2BBA5D-C456-4B8E-BD59-C14CDA400E0B}.Debug|Win32.Build.0 = Debug|Win32
		{7F2BBA5D-C456-4B8E-BD59-C14CDA400E0B}.Debug|x64.ActiveCfg = Debug|Win32
		{7F2BBA5D-C456-4B8E-BD59-C14CDA400E0B}.Release|Win32.ActiveCfg = Release|Win32
		{7F2BBA5D-C456-4B8E-BD59-C14CDA400E0B}.Release|Win32.Build.0 = Release|Win32
		{7F2BBA5D-C456-4B8E-BD59-C14CDA400E0B}.Release|x64.ActiveCfg = Release|Win32
		{DDF3E1DD-FF5A-4292-BD8E-BF3D0D1EE3B7}.Debug|Win32.ActiveCfg = Debug|Win32
		{DDF3E1DD-FF5A-4292-BD8E-BF3D0D1EE3B7}.Debug|Win32.Build.0 = Debug|Win32
		{DDF3E1DD-FF5A-4292-BD8E-BF3D0D1EE3B7}.Debug|x64.ActiveCfg = Debug|Win32
		{DDF3E1DD-FF5A-4292-BD8E-BF3D0D1EE3B7}.Release|Win32.ActiveCfg = Release|Win32
		{DDF3E1DD-FF5A-4292-BD8E-BF3D0D1EE3B7}.Release|Win32.Build.0 = Release|Win32
		{DDF3E1DD-FF5A-4292-BD8E-BF3D0D1EE3B7}.Release|x64.ActiveCfg = Release|Win32
		{F186E8EB-0164-4BF4-9E36-CCF9A6EB97F5}.Debug|Win32.ActiveCfg = Debug|Win32
		{F186E8EB-0164-4BF4-9E36-CCF9A6EB97F5}.Debug|Win32.Build.0 = Debug|Win32
		{F186E8EB-0164-4BF4-9E36-CCF9A6EB97F5}.Debug|x64.ActiveCfg = Debug|Win32
		{F186E8EB-0164-4BF4-9E36-CCF9A6EB97F5}.Release|Win32.ActiveCfg = Release|Win32
		{F186E8EB-0164-4BF4-9E36-CCF9A6EB97F5}.Release|Win32.Build.0 = Release|Win32
		{F186E8EB-0164-4BF4-9E36-CCF9A6EB97F5}.Release|x64.ActiveCfg = Release|Win32
		{E3CAFDD4-FBE2-4E7E-AB20-816C8B257F6B}.Debug|Win32.ActiveCfg = Debug|Win32
		{E3CAFDD4-FBE2-4E7E-AB20-816C8B257F6B}.Debug|Win32.Build.0 = Debug|Win32
		{E3CAFDD4-FBE2-4E7E-AB20-816C8B257F6B}.Debug|x64.ActiveCfg = Debug|x64
		{E3CAFDD4-FBE2-4E7E-AB20-816C8B257F6B}.Debug|x64.Build.0 = Debug|x64
		{E3CAFDD4-FBE2-4E7E-AB20-816C8B257F6B}.Release|Win32.ActiveCfg = Release|Win32
		{E3CAFDD4-FBE2-4E7E-AB20-816C8B257F6B}.Release|Win32.Build.0 = Release|Win32
		{E3CAFDD4-FBE2-4E7E-AB20-816C8B257F6B}.Release|x64.ActiveCfg = Release|Win32
		{E3CAFDD4-FBE2-4E7E-AB20-816C8B257F6B}.Release|x64.Build.0 = Release|Win32
		{321F0E77-E3DC-4C14-8113-28FDFAC73F7B}.Debug|Win32.ActiveCfg = Debug|Win32
		{321F0E77-E3DC-4C14-8113-28FDFAC73F7B}.Debug|Win32.Build.0 = Debug|Win32
		{321F0E77-E3DC-4C14-8113-28FDFAC73F7B}.Debug|x64.ActiveCfg = Debug|x64
		{321F0E77-E3DC-4C14-8113-28FDFAC73F7B}.Debug|x64.Build.0 = Debug|x64
		{321F0E77-E3DC-4C14-8113-28FDFAC73F7B}.Release|Win32.ActiveCfg = Release|Win32
		{321F0E77-E3DC-4C14-8113-28FDFAC73F7B}.Release|Win32.Build.0 = Release|Win32
		{321F0E77-E3DC-4C14-8113-28FDFAC73F7B}.Release|x64.ActiveCfg = Release|x64
		{321F0E77-E3DC-4C14-8113-28FDFAC73F7B}.Release|x64.Build.0 = Release|x64
		{07E658CC-1989-42C6-B8CB-CB64157F6FE9}.Debug|Win32.ActiveCfg = Debug|Win32
		{07E658CC-1989-42C6-B8CB-CB64157F6FE9}.Debug|Win32.Build.0 = Debug|Win32
		{07E658CC-1989-42C6-B8CB-CB64157F6FE9}.Debug|x64.ActiveCfg = Debug|x64
		{07E658CC-1989-42C6-B8CB-CB64157F6FE9}.Debug|x64.Build.0 = Debug|x64
		{07E658CC-1989-42C6-B8CB-CB64157F6FE9}.Release|Win32.ActiveCfg = Release|Win32
		{07E658CC-1989-42C6-B8CB-CB64157F6FE9}.Release|Win32.Build.0 = Release|Win32
		{07E658CC-1989-42C6-B8CB-CB64157F6FE9}.Release|x64.ActiveCfg = Release|x64
		{07E658CC-1989-42C6-B8CB-CB64157F6FE9}.Release|x64.Build.0 = Release|x64
		{086E8F49-256B-4400-A2E2-4B76827A7ABA}.Debug|Win32.ActiveCfg = Debug|Win32
		{086E8F49-256B-4400-A2E2-4B76827A7ABA}.Debug|Win32.Build.0 = Debug|Win32
		{086E8F49-256B-4400-A2E2-4B76827A7ABA}.Debug|x64.ActiveCfg = Debug|x64
		{086E8F49-256B-4400-A2E2-4B76827A7ABA}.Debug|x64.Build.0 = Debug|x64
		{086E8F49-256B-4400-A2E2-4B76827A7ABA}.Release|Win32.ActiveCfg = Release|Win32
		{086E8F49-256B-4400-A2E2-4B76827A7ABA}.Release|Win32.Build.0 = Release|Win32
		{086E8F49-256B-4400-A2E2-4B76827A7ABA}.Release|x64.ActiveCfg = Release|x64
		{086E8F49-256B-4400-A2E2-4B76827A7ABA}.Release|x64.Build.0 = Release|x64
		{F33CCA3A-0186-4A3C-9624-137D3221EDD8}.Debug|Win32.ActiveCfg = Debug|Win32
		{F33CCA3A-0186-4A3C-9624-137D3221EDD8}.Debug|Win32.Build.0 = Debug|Win32
		{F33CCA3A-0186-4A3C-9624-137D3221EDD8}.Debug|x64.ActiveCfg = Debug|x64
		{F33CCA3A-0186-4A3C-9624-137D3221EDD8}.Debug|x64.Build.0 = Debug|x64
		{F33CCA3A-0186-4A3C-9624-137D3221EDD8}.Release|Win32.ActiveCfg = Release|Win32
		{F33CCA3A-0186-4A3C-9624-137D3221EDD8}.Release|Win32.Build.0 = Release|Win32
		{F33CCA3A-0186-4A3C-9624-137D3221EDD8}.Release|x64.ActiveCfg = Release|x64
		{F33CCA3A-0186-4A3C-9624-137D3221EDD8}.Release|x64.Build.0 = Release|x64
		{111DC904-A160-49BF-8B81-55DAE0158BD1}.Debug|Win32.ActiveCfg = Debug|Win32
		{111DC904-A160-49BF-8B81-55DAE0158BD1}.Debug|Win32.Build.0 = Debug|Win32
		{111DC904-A160-49BF-8B81-55DAE0158BD1}.Debug|x64.ActiveCfg = Debug|x64
		{111DC904-A160-49BF-8B81-55DAE0158BD1}.Debug|x64.Build.0 = Debug|x64
		{111DC904-A160-49BF-8B81-55DAE0158BD1}.Release|Win32.ActiveCfg = Release|Win32
		{111DC904-A160-49BF-8B81-55DAE0158BD1}.Release|Win32.Build.0 = Release|Win32
		{111DC904-A160-49BF-8B81-55DAE0158BD1}.Release|x64.ActiveCfg = Release|x64
		{111DC904-A160-49BF-8B81-55DAE0158BD1}.Release|x64.Build.0 = Release|x64
	EndGlobalSection
	GlobalSection(SolutionProperties) = preSolution
		HideSolutionNode = FALSE
	EndGlobalSection
EndGlobal
